[[package]]
category = "main"
description = "Attribute accessible dicts and collections thereof"
name = "items"
optional = false
python-versions = "*"
version = "0.6.5"

[package.dependencies]
nulltype = ">=2.3.1"

[[package]]
category = "main"
description = "Null values and sentinels like (but not) None, False & True"
name = "nulltype"
optional = false
python-versions = "*"
version = "2.3.1"

[metadata]
content-hash = "03640610110be35da98b33b746822be6d5b0b1014f5a062771d50fc02e9b6a04"
python-versions = "^3.7"

[metadata.hashes]
items = ["865ab5ed9782f979e3d3984a18d8233aea77f88e24d54a1f1d29d3d22ef31ad9", "ad7fb0b8369c5ea1b1e8b83104210cfff39710e6fa794659cab12f856abae393"]
nulltype = ["16ae565745118e37e0558441f5821c76351d8c3a789640b5bca277cf65b2271b", "64aa3cb2ab5e904d1b37175b9b922bea268c13f9ce32e3d373313150ab5ef272"]
